// !$*UTF8*$!
{
	archiveVersion = 1;
	classes = {
	};
	objectVersion = 46;
	objects = {

/* Begin PBXBuildFile section */
		1B01D27E13E47253007C28E4 /* EMKeychainItem.m in Sources */ = {isa = PBXBuildFile; fileRef = 1B01D27C13E47253007C28E4 /* EMKeychainItem.m */; };
		1B01D28213E474D0007C28E4 /* Security.framework in Frameworks */ = {isa = PBXBuildFile; fileRef = 1B01D28113E474D0007C28E4 /* Security.framework */; };
		1B01D29113E4E570007C28E4 /* JSONKit.m in Sources */ = {isa = PBXBuildFile; fileRef = 1B01D28E13E4E570007C28E4 /* JSONKit.m */; };
		1B37244913E9C97C002A7943 /* Carbon.framework in Frameworks */ = {isa = PBXBuildFile; fileRef = 1B37244813E9C97C002A7943 /* Carbon.framework */; };
		1B37244E13E9C9EF002A7943 /* DDHotKeyCenter.m in Sources */ = {isa = PBXBuildFile; fileRef = 1B37244D13E9C9EF002A7943 /* DDHotKeyCenter.m */; };
		1B38563D13E359CA002FF437 /* Cocoa.framework in Frameworks */ = {isa = PBXBuildFile; fileRef = 1B38563C13E359CA002FF437 /* Cocoa.framework */; };
		1B38564713E359CA002FF437 /* InfoPlist.strings in Resources */ = {isa = PBXBuildFile; fileRef = 1B38564513E359CA002FF437 /* InfoPlist.strings */; };
		1B38564913E359CA002FF437 /* main.m in Sources */ = {isa = PBXBuildFile; fileRef = 1B38564813E359CA002FF437 /* main.m */; };
		1B38565013E359CA002FF437 /* pushmenuAppDelegate.m in Sources */ = {isa = PBXBuildFile; fileRef = 1B38564F13E359CA002FF437 /* pushmenuAppDelegate.m */; };
		1B38565313E359CA002FF437 /* MainMenu.xib in Resources */ = {isa = PBXBuildFile; fileRef = 1B38565113E359CA002FF437 /* MainMenu.xib */; };
		1B38565B13E359CA002FF437 /* SenTestingKit.framework in Frameworks */ = {isa = PBXBuildFile; fileRef = 1B38565A13E359CA002FF437 /* SenTestingKit.framework */; };
		1B38565C13E359CA002FF437 /* Cocoa.framework in Frameworks */ = {isa = PBXBuildFile; fileRef = 1B38563C13E359CA002FF437 /* Cocoa.framework */; };
		1B38566413E359CA002FF437 /* InfoPlist.strings in Resources */ = {isa = PBXBuildFile; fileRef = 1B38566213E359CA002FF437 /* InfoPlist.strings */; };
		1B38566613E359CA002FF437 /* pushmenuTests.h in Resources */ = {isa = PBXBuildFile; fileRef = 1B38566513E359CA002FF437 /* pushmenuTests.h */; };
		1B38566813E359CA002FF437 /* pushmenuTests.m in Sources */ = {isa = PBXBuildFile; fileRef = 1B38566713E359CA002FF437 /* pushmenuTests.m */; };
		1B38567213E359DD002FF437 /* pushmenu_large.png in Resources */ = {isa = PBXBuildFile; fileRef = 1B38567113E359DD002FF437 /* pushmenu_large.png */; };
		1B38567413E35A5F002FF437 /* pushmenu.icns in Resources */ = {isa = PBXBuildFile; fileRef = 1B38567313E35A5F002FF437 /* pushmenu.icns */; };
		1B38567613E35B9A002FF437 /* pushmenu.png in Resources */ = {isa = PBXBuildFile; fileRef = 1B38567513E35B9A002FF437 /* pushmenu.png */; };
		1B827F6B13E7410B00D661CC /* SendtoiPhone.workflow in Resources */ = {isa = PBXBuildFile; fileRef = 1B827F6A13E7410B00D661CC /* SendtoiPhone.workflow */; };
		1B828F8016F75C2900AD8A33 /* dsa_pub.pem in Resources */ = {isa = PBXBuildFile; fileRef = 1B828F7F16F75C2900AD8A33 /* dsa_pub.pem */; };
		1B972EAE13E5A1FD002E45B9 /* license.txt in Resources */ = {isa = PBXBuildFile; fileRef = 1B972EAD13E5A1FD002E45B9 /* license.txt */; };
		1B972EB113E5A402002E45B9 /* 3rd-party-licenses.txt in Resources */ = {isa = PBXBuildFile; fileRef = 1B972EB013E5A402002E45B9 /* 3rd-party-licenses.txt */; };
		1B972EB813E5F299002E45B9 /* pushmenu.sdef in Resources */ = {isa = PBXBuildFile; fileRef = 1B972EB713E5F299002E45B9 /* pushmenu.sdef */; };
		1B972EBB13E5FCC9002E45B9 /* Sparkle.framework in Frameworks */ = {isa = PBXBuildFile; fileRef = 1B972EBA13E5FCC9002E45B9 /* Sparkle.framework */; };
		1B972EBD13E5FF3C002E45B9 /* Sparkle.framework in CopyFiles */ = {isa = PBXBuildFile; fileRef = 1B972EBA13E5FCC9002E45B9 /* Sparkle.framework */; };
		1BAB0E8613F0984C00950D20 /* Growl Registration Ticket.growlRegDict in Resources */ = {isa = PBXBuildFile; fileRef = 1BAB0E8513F0984C00950D20 /* Growl Registration Ticket.growlRegDict */; };
		1BAB0E8913F09A0800950D20 /* Growl.framework in Frameworks */ = {isa = PBXBuildFile; fileRef = 1BAB0E8813F09A0800950D20 /* Growl.framework */; };
		1BAB0E8A13F09A4100950D20 /* Growl.framework in CopyFiles */ = {isa = PBXBuildFile; fileRef = 1BAB0E8813F09A0800950D20 /* Growl.framework */; };
		1BDF04C113E3656800C52B42 /* pushmenu_menu.png in Resources */ = {isa = PBXBuildFile; fileRef = 1BDF04C013E3656800C52B42 /* pushmenu_menu.png */; };
		1BDF04CF13E36A3000C52B42 /* credits-tmpl.html in Resources */ = {isa = PBXBuildFile; fileRef = 1BDF04CE13E36A3000C52B42 /* credits-tmpl.html */; };
/* End PBXBuildFile section */

/* Begin PBXContainerItemProxy section */
		1B38565D13E359CA002FF437 /* PBXContainerItemProxy */ = {
			isa = PBXContainerItemProxy;
			containerPortal = 1B38562F13E359C9002FF437 /* Project object */;
			proxyType = 1;
			remoteGlobalIDString = 1B38563713E359CA002FF437;
			remoteInfo = pushmenu;
		};
/* End PBXContainerItemProxy section */

/* Begin PBXCopyFilesBuildPhase section */
		1B972EBC13E5FDA3002E45B9 /* CopyFiles */ = {
			isa = PBXCopyFilesBuildPhase;
			buildActionMask = 2147483647;
			dstPath = "";
			dstSubfolderSpec = 10;
			files = (
				1B972EBD13E5FF3C002E45B9 /* Sparkle.framework in CopyFiles */,
				1BAB0E8A13F09A4100950D20 /* Growl.framework in CopyFiles */,
			);
			runOnlyForDeploymentPostprocessing = 0;
		};
/* End PBXCopyFilesBuildPhase section */

/* Begin PBXFileReference section */
		1B01D27B13E47253007C28E4 /* EMKeychainItem.h */ = {isa = PBXFileReference; fileEncoding = 4; lastKnownFileType = sourcecode.c.h; path = EMKeychainItem.h; sourceTree = "<group>"; };
		1B01D27C13E47253007C28E4 /* EMKeychainItem.m */ = {isa = PBXFileReference; fileEncoding = 4; lastKnownFileType = sourcecode.c.objc; path = EMKeychainItem.m; sourceTree = "<group>"; };
		1B01D27D13E47253007C28E4 /* ReadMe.rtf */ = {isa = PBXFileReference; fileEncoding = 4; lastKnownFileType = text.rtf; path = ReadMe.rtf; sourceTree = "<group>"; };
		1B01D28113E474D0007C28E4 /* Security.framework */ = {isa = PBXFileReference; lastKnownFileType = wrapper.framework; name = Security.framework; path = System/Library/Frameworks/Security.framework; sourceTree = SDKROOT; };
		1B01D28C13E4E570007C28E4 /* CHANGELOG.md */ = {isa = PBXFileReference; fileEncoding = 4; lastKnownFileType = text; path = CHANGELOG.md; sourceTree = "<group>"; };
		1B01D28D13E4E570007C28E4 /* JSONKit.h */ = {isa = PBXFileReference; fileEncoding = 4; lastKnownFileType = sourcecode.c.h; path = JSONKit.h; sourceTree = "<group>"; };
		1B01D28E13E4E570007C28E4 /* JSONKit.m */ = {isa = PBXFileReference; fileEncoding = 4; lastKnownFileType = sourcecode.c.objc; path = JSONKit.m; sourceTree = "<group>"; };
		1B01D28F13E4E570007C28E4 /* README.md */ = {isa = PBXFileReference; fileEncoding = 4; lastKnownFileType = text; path = README.md; sourceTree = "<group>"; };
		1B37244813E9C97C002A7943 /* Carbon.framework */ = {isa = PBXFileReference; lastKnownFileType = wrapper.framework; name = Carbon.framework; path = System/Library/Frameworks/Carbon.framework; sourceTree = SDKROOT; };
		1B37244C13E9C9EF002A7943 /* DDHotKeyCenter.h */ = {isa = PBXFileReference; fileEncoding = 4; lastKnownFileType = sourcecode.c.h; path = DDHotKeyCenter.h; sourceTree = "<group>"; };
		1B37244D13E9C9EF002A7943 /* DDHotKeyCenter.m */ = {isa = PBXFileReference; fileEncoding = 4; lastKnownFileType = sourcecode.c.objc; path = DDHotKeyCenter.m; sourceTree = "<group>"; };
		1B38563813E359CA002FF437 /* pushmenu.app */ = {isa = PBXFileReference; explicitFileType = wrapper.application; includeInIndex = 0; path = pushmenu.app; sourceTree = BUILT_PRODUCTS_DIR; };
		1B38563C13E359CA002FF437 /* Cocoa.framework */ = {isa = PBXFileReference; lastKnownFileType = wrapper.framework; name = Cocoa.framework; path = System/Library/Frameworks/Cocoa.framework; sourceTree = SDKROOT; };
		1B38563F13E359CA002FF437 /* AppKit.framework */ = {isa = PBXFileReference; lastKnownFileType = wrapper.framework; name = AppKit.framework; path = System/Library/Frameworks/AppKit.framework; sourceTree = SDKROOT; };
		1B38564013E359CA002FF437 /* CoreData.framework */ = {isa = PBXFileReference; lastKnownFileType = wrapper.framework; name = CoreData.framework; path = System/Library/Frameworks/CoreData.framework; sourceTree = SDKROOT; };
		1B38564113E359CA002FF437 /* Foundation.framework */ = {isa = PBXFileReference; lastKnownFileType = wrapper.framework; name = Foundation.framework; path = System/Library/Frameworks/Foundation.framework; sourceTree = SDKROOT; };
		1B38564413E359CA002FF437 /* pushmenu-Info.plist */ = {isa = PBXFileReference; lastKnownFileType = text.plist.xml; path = "pushmenu-Info.plist"; sourceTree = "<group>"; };
		1B38564613E359CA002FF437 /* en */ = {isa = PBXFileReference; lastKnownFileType = text.plist.strings; name = en; path = en.lproj/InfoPlist.strings; sourceTree = "<group>"; };
		1B38564813E359CA002FF437 /* main.m */ = {isa = PBXFileReference; lastKnownFileType = sourcecode.c.objc; path = main.m; sourceTree = "<group>"; };
		1B38564A13E359CA002FF437 /* pushmenu-Prefix.pch */ = {isa = PBXFileReference; lastKnownFileType = sourcecode.c.h; path = "pushmenu-Prefix.pch"; sourceTree = "<group>"; };
		1B38564C13E359CA002FF437 /* en */ = {isa = PBXFileReference; lastKnownFileType = text.rtf; name = en; path = en.lproj/Credits.rtf; sourceTree = "<group>"; };
		1B38564E13E359CA002FF437 /* pushmenuAppDelegate.h */ = {isa = PBXFileReference; lastKnownFileType = sourcecode.c.h; path = pushmenuAppDelegate.h; sourceTree = "<group>"; };
		1B38564F13E359CA002FF437 /* pushmenuAppDelegate.m */ = {isa = PBXFileReference; lastKnownFileType = sourcecode.c.objc; path = pushmenuAppDelegate.m; sourceTree = "<group>"; };
		1B38565213E359CA002FF437 /* en */ = {isa = PBXFileReference; lastKnownFileType = file.xib; name = en; path = en.lproj/MainMenu.xib; sourceTree = "<group>"; };
		1B38565913E359CA002FF437 /* pushmenuTests.octest */ = {isa = PBXFileReference; explicitFileType = wrapper.cfbundle; includeInIndex = 0; path = pushmenuTests.octest; sourceTree = BUILT_PRODUCTS_DIR; };
		1B38565A13E359CA002FF437 /* SenTestingKit.framework */ = {isa = PBXFileReference; lastKnownFileType = wrapper.framework; name = SenTestingKit.framework; path = Library/Frameworks/SenTestingKit.framework; sourceTree = DEVELOPER_DIR; };
		1B38566113E359CA002FF437 /* pushmenuTests-Info.plist */ = {isa = PBXFileReference; lastKnownFileType = text.plist.xml; path = "pushmenuTests-Info.plist"; sourceTree = "<group>"; };
		1B38566313E359CA002FF437 /* en */ = {isa = PBXFileReference; lastKnownFileType = text.plist.strings; name = en; path = en.lproj/InfoPlist.strings; sourceTree = "<group>"; };
		1B38566513E359CA002FF437 /* pushmenuTests.h */ = {isa = PBXFileReference; lastKnownFileType = sourcecode.c.h; path = pushmenuTests.h; sourceTree = "<group>"; };
		1B38566713E359CA002FF437 /* pushmenuTests.m */ = {isa = PBXFileReference; lastKnownFileType = sourcecode.c.objc; path = pushmenuTests.m; sourceTree = "<group>"; };
		1B38567113E359DD002FF437 /* pushmenu_large.png */ = {isa = PBXFileReference; lastKnownFileType = image.png; path = pushmenu_large.png; sourceTree = SOURCE_ROOT; };
		1B38567313E35A5F002FF437 /* pushmenu.icns */ = {isa = PBXFileReference; lastKnownFileType = image.icns; path = pushmenu.icns; sourceTree = SOURCE_ROOT; };
		1B38567513E35B9A002FF437 /* pushmenu.png */ = {isa = PBXFileReference; lastKnownFileType = image.png; path = pushmenu.png; sourceTree = SOURCE_ROOT; };
		1B827F6A13E7410B00D661CC /* SendtoiPhone.workflow */ = {isa = PBXFileReference; lastKnownFileType = wrapper; path = SendtoiPhone.workflow; sourceTree = "<group>"; };
		1B828F7F16F75C2900AD8A33 /* dsa_pub.pem */ = {isa = PBXFileReference; fileEncoding = 4; lastKnownFileType = text; path = dsa_pub.pem; sourceTree = "<group>"; };
		1B972EAD13E5A1FD002E45B9 /* license.txt */ = {isa = PBXFileReference; fileEncoding = 4; lastKnownFileType = text; path = license.txt; sourceTree = "<group>"; };
		1B972EB013E5A402002E45B9 /* 3rd-party-licenses.txt */ = {isa = PBXFileReference; fileEncoding = 4; lastKnownFileType = text; path = "3rd-party-licenses.txt"; sourceTree = "<group>"; };
		1B972EB713E5F299002E45B9 /* pushmenu.sdef */ = {isa = PBXFileReference; fileEncoding = 4; lastKnownFileType = text; path = pushmenu.sdef; sourceTree = "<group>"; };
		1B972EBA13E5FCC9002E45B9 /* Sparkle.framework */ = {isa = PBXFileReference; lastKnownFileType = wrapper.framework; path = Sparkle.framework; sourceTree = "<group>"; };
		1B972EBE13E60551002E45B9 /* pushmenu-appcast.xml */ = {isa = PBXFileReference; fileEncoding = 4; lastKnownFileType = text.xml; path = "pushmenu-appcast.xml"; sourceTree = SOURCE_ROOT; };
		1BAB0E8513F0984C00950D20 /* Growl Registration Ticket.growlRegDict */ = {isa = PBXFileReference; fileEncoding = 4; lastKnownFileType = text; path = "Growl Registration Ticket.growlRegDict"; sourceTree = "<group>"; };
		1BAB0E8813F09A0800950D20 /* Growl.framework */ = {isa = PBXFileReference; lastKnownFileType = wrapper.framework; path = Growl.framework; sourceTree = "<group>"; };
		1BDF04C013E3656800C52B42 /* pushmenu_menu.png */ = {isa = PBXFileReference; lastKnownFileType = image.png; path = pushmenu_menu.png; sourceTree = "<group>"; };
		1BDF04CE13E36A3000C52B42 /* credits-tmpl.html */ = {isa = PBXFileReference; fileEncoding = 4; lastKnownFileType = text.html; path = "credits-tmpl.html"; sourceTree = "<group>"; };
/* End PBXFileReference section */

/* Begin PBXFrameworksBuildPhase section */
		1B38563513E359CA002FF437 /* Frameworks */ = {
			isa = PBXFrameworksBuildPhase;
			buildActionMask = 2147483647;
			files = (
				1B37244913E9C97C002A7943 /* Carbon.framework in Frameworks */,
				1B01D28213E474D0007C28E4 /* Security.framework in Frameworks */,
				1B38563D13E359CA002FF437 /* Cocoa.framework in Frameworks */,
				1B972EBB13E5FCC9002E45B9 /* Sparkle.framework in Frameworks */,
				1BAB0E8913F09A0800950D20 /* Growl.framework in Frameworks */,
			);
			runOnlyForDeploymentPostprocessing = 0;
		};
		1B38565513E359CA002FF437 /* Frameworks */ = {
			isa = PBXFrameworksBuildPhase;
			buildActionMask = 2147483647;
			files = (
				1B38565B13E359CA002FF437 /* SenTestingKit.framework in Frameworks */,
				1B38565C13E359CA002FF437 /* Cocoa.framework in Frameworks */,
			);
			runOnlyForDeploymentPostprocessing = 0;
		};
/* End PBXFrameworksBuildPhase section */

/* Begin PBXGroup section */
		1B01D27A13E47253007C28E4 /* EMKeychain */ = {
			isa = PBXGroup;
			children = (
				1B01D27B13E47253007C28E4 /* EMKeychainItem.h */,
				1B01D27C13E47253007C28E4 /* EMKeychainItem.m */,
				1B01D27D13E47253007C28E4 /* ReadMe.rtf */,
			);
			path = EMKeychain;
			sourceTree = "<group>";
		};
		1B01D28B13E4E570007C28E4 /* JSONKit */ = {
			isa = PBXGroup;
			children = (
				1B01D28C13E4E570007C28E4 /* CHANGELOG.md */,
				1B01D28D13E4E570007C28E4 /* JSONKit.h */,
				1B01D28E13E4E570007C28E4 /* JSONKit.m */,
				1B01D28F13E4E570007C28E4 /* README.md */,
			);
			path = JSONKit;
			sourceTree = "<group>";
		};
		1B37244B13E9C9EF002A7943 /* DDHotKey */ = {
			isa = PBXGroup;
			children = (
				1B37244C13E9C9EF002A7943 /* DDHotKeyCenter.h */,
				1B37244D13E9C9EF002A7943 /* DDHotKeyCenter.m */,
			);
			path = DDHotKey;
			sourceTree = "<group>";
		};
		1B38562D13E359C9002FF437 = {
			isa = PBXGroup;
			children = (
				1B38564213E359CA002FF437 /* pushmenu */,
				1B38565F13E359CA002FF437 /* pushmenuTests */,
				1B38563B13E359CA002FF437 /* Frameworks */,
				1B38563913E359CA002FF437 /* Products */,
			);
			sourceTree = "<group>";
		};
		1B38563913E359CA002FF437 /* Products */ = {
			isa = PBXGroup;
			children = (
				1B38563813E359CA002FF437 /* pushmenu.app */,
				1B38565913E359CA002FF437 /* pushmenuTests.octest */,
			);
			name = Products;
			sourceTree = "<group>";
		};
		1B38563B13E359CA002FF437 /* Frameworks */ = {
			isa = PBXGroup;
			children = (
				1BAB0E8813F09A0800950D20 /* Growl.framework */,
				1B37244813E9C97C002A7943 /* Carbon.framework */,
				1B01D28113E474D0007C28E4 /* Security.framework */,
				1B972EBA13E5FCC9002E45B9 /* Sparkle.framework */,
				1B38563C13E359CA002FF437 /* Cocoa.framework */,
				1B38565A13E359CA002FF437 /* SenTestingKit.framework */,
				1B38563E13E359CA002FF437 /* Other Frameworks */,
			);
			name = Frameworks;
			sourceTree = "<group>";
		};
		1B38563E13E359CA002FF437 /* Other Frameworks */ = {
			isa = PBXGroup;
			children = (
				1B38563F13E359CA002FF437 /* AppKit.framework */,
				1B38564013E359CA002FF437 /* CoreData.framework */,
				1B38564113E359CA002FF437 /* Foundation.framework */,
			);
			name = "Other Frameworks";
			sourceTree = "<group>";
		};
		1B38564213E359CA002FF437 /* pushmenu */ = {
			isa = PBXGroup;
			children = (
				1B37244B13E9C9EF002A7943 /* DDHotKey */,
				1B01D28B13E4E570007C28E4 /* JSONKit */,
				1B01D27A13E47253007C28E4 /* EMKeychain */,
				1B38564E13E359CA002FF437 /* pushmenuAppDelegate.h */,
				1B38564F13E359CA002FF437 /* pushmenuAppDelegate.m */,
				1B38565113E359CA002FF437 /* MainMenu.xib */,
				1B38564313E359CA002FF437 /* Supporting Files */,
			);
			path = pushmenu;
			sourceTree = "<group>";
		};
		1B38564313E359CA002FF437 /* Supporting Files */ = {
			isa = PBXGroup;
			children = (
				1B828F7F16F75C2900AD8A33 /* dsa_pub.pem */,
				1B827F6A13E7410B00D661CC /* SendtoiPhone.workflow */,
				1B972EAD13E5A1FD002E45B9 /* license.txt */,
				1BDF04C013E3656800C52B42 /* pushmenu_menu.png */,
				1B38567113E359DD002FF437 /* pushmenu_large.png */,
				1B38567513E35B9A002FF437 /* pushmenu.png */,
				1B38567313E35A5F002FF437 /* pushmenu.icns */,
				1BDF04CE13E36A3000C52B42 /* credits-tmpl.html */,
				1B38564413E359CA002FF437 /* pushmenu-Info.plist */,
				1B38564513E359CA002FF437 /* InfoPlist.strings */,
				1B38564813E359CA002FF437 /* main.m */,
				1B38564A13E359CA002FF437 /* pushmenu-Prefix.pch */,
				1B38564B13E359CA002FF437 /* Credits.rtf */,
				1B972EB013E5A402002E45B9 /* 3rd-party-licenses.txt */,
				1B972EB713E5F299002E45B9 /* pushmenu.sdef */,
				1B972EBE13E60551002E45B9 /* pushmenu-appcast.xml */,
				1BAB0E8513F0984C00950D20 /* Growl Registration Ticket.growlRegDict */,
			);
			name = "Supporting Files";
			sourceTree = "<group>";
		};
		1B38565F13E359CA002FF437 /* pushmenuTests */ = {
			isa = PBXGroup;
			children = (
				1B38566513E359CA002FF437 /* pushmenuTests.h */,
				1B38566713E359CA002FF437 /* pushmenuTests.m */,
				1B38566013E359CA002FF437 /* Supporting Files */,
			);
			path = pushmenuTests;
			sourceTree = "<group>";
		};
		1B38566013E359CA002FF437 /* Supporting Files */ = {
			isa = PBXGroup;
			children = (
				1B38566113E359CA002FF437 /* pushmenuTests-Info.plist */,
				1B38566213E359CA002FF437 /* InfoPlist.strings */,
			);
			name = "Supporting Files";
			sourceTree = "<group>";
		};
/* End PBXGroup section */

/* Begin PBXNativeTarget section */
		1B38563713E359CA002FF437 /* pushmenu */ = {
			isa = PBXNativeTarget;
			buildConfigurationList = 1B38566B13E359CA002FF437 /* Build configuration list for PBXNativeTarget "pushmenu" */;
			buildPhases = (
				1B38563413E359CA002FF437 /* Sources */,
				1B38563513E359CA002FF437 /* Frameworks */,
				1B38563613E359CA002FF437 /* Resources */,
				1B972EBC13E5FDA3002E45B9 /* CopyFiles */,
				1B551E8A194A4EF9007F0AF5 /* ShellScript */,
			);
			buildRules = (
			);
			dependencies = (
			);
			name = pushmenu;
			productName = pushmenu;
			productReference = 1B38563813E359CA002FF437 /* pushmenu.app */;
			productType = "com.apple.product-type.application";
		};
		1B38565813E359CA002FF437 /* pushmenuTests */ = {
			isa = PBXNativeTarget;
			buildConfigurationList = 1B38566E13E359CA002FF437 /* Build configuration list for PBXNativeTarget "pushmenuTests" */;
			buildPhases = (
				1B38565413E359CA002FF437 /* Sources */,
				1B38565513E359CA002FF437 /* Frameworks */,
				1B38565613E359CA002FF437 /* Resources */,
				1B38565713E359CA002FF437 /* ShellScript */,
			);
			buildRules = (
			);
			dependencies = (
				1B38565E13E359CA002FF437 /* PBXTargetDependency */,
			);
			name = pushmenuTests;
			productName = pushmenuTests;
			productReference = 1B38565913E359CA002FF437 /* pushmenuTests.octest */;
			productType = "com.apple.product-type.bundle";
		};
/* End PBXNativeTarget section */

/* Begin PBXProject section */
		1B38562F13E359C9002FF437 /* Project object */ = {
			isa = PBXProject;
			attributes = {
				LastTestingUpgradeCheck = 0510;
				LastUpgradeCheck = 0510;
			};
			buildConfigurationList = 1B38563213E359C9002FF437 /* Build configuration list for PBXProject "pushmenu" */;
			compatibilityVersion = "Xcode 3.2";
			developmentRegion = English;
			hasScannedForEncodings = 0;
			knownRegions = (
				en,
			);
			mainGroup = 1B38562D13E359C9002FF437;
			productRefGroup = 1B38563913E359CA002FF437 /* Products */;
			projectDirPath = "";
			projectRoot = "";
			targets = (
				1B38563713E359CA002FF437 /* pushmenu */,
				1B38565813E359CA002FF437 /* pushmenuTests */,
			);
		};
/* End PBXProject section */

/* Begin PBXResourcesBuildPhase section */
		1B38563613E359CA002FF437 /* Resources */ = {
			isa = PBXResourcesBuildPhase;
			buildActionMask = 2147483647;
			files = (
				1B38564713E359CA002FF437 /* InfoPlist.strings in Resources */,
				1B38565313E359CA002FF437 /* MainMenu.xib in Resources */,
				1B38567213E359DD002FF437 /* pushmenu_large.png in Resources */,
				1B38567413E35A5F002FF437 /* pushmenu.icns in Resources */,
				1B38567613E35B9A002FF437 /* pushmenu.png in Resources */,
				1BDF04C113E3656800C52B42 /* pushmenu_menu.png in Resources */,
				1BDF04CF13E36A3000C52B42 /* credits-tmpl.html in Resources */,
				1B972EAE13E5A1FD002E45B9 /* license.txt in Resources */,
				1B972EB113E5A402002E45B9 /* 3rd-party-licenses.txt in Resources */,
				1B972EB813E5F299002E45B9 /* pushmenu.sdef in Resources */,
				1B827F6B13E7410B00D661CC /* SendtoiPhone.workflow in Resources */,
				1BAB0E8613F0984C00950D20 /* Growl Registration Ticket.growlRegDict in Resources */,
				1B828F8016F75C2900AD8A33 /* dsa_pub.pem in Resources */,
			);
			runOnlyForDeploymentPostprocessing = 0;
		};
		1B38565613E359CA002FF437 /* Resources */ = {
			isa = PBXResourcesBuildPhase;
			buildActionMask = 2147483647;
			files = (
				1B38566413E359CA002FF437 /* InfoPlist.strings in Resources */,
				1B38566613E359CA002FF437 /* pushmenuTests.h in Resources */,
			);
			runOnlyForDeploymentPostprocessing = 0;
		};
/* End PBXResourcesBuildPhase section */

/* Begin PBXShellScriptBuildPhase section */
		1B38565713E359CA002FF437 /* ShellScript */ = {
			isa = PBXShellScriptBuildPhase;
			buildActionMask = 2147483647;
			files = (
			);
			inputPaths = (
			);
			outputPaths = (
			);
			runOnlyForDeploymentPostprocessing = 0;
			shellPath = /bin/sh;
			shellScript = "# Run the unit tests in this test bundle.\n\"${SYSTEM_DEVELOPER_DIR}/Tools/RunUnitTests\"\n";
		};
		1B551E8A194A4EF9007F0AF5 /* ShellScript */ = {
			isa = PBXShellScriptBuildPhase;
			buildActionMask = 2147483647;
			files = (
			);
			inputPaths = (
			);
			outputPaths = (
			);
			runOnlyForDeploymentPostprocessing = 0;
			shellPath = /bin/sh;
			shellScript = "GIT_RELEASE_VERSION=$(git describe --tags --always)\nCOMMITS=$(git rev-list HEAD | wc -l)\nCOMMITS=$(($COMMITS))\necho ${GIT_RELEASE_VERSION}\necho \"${BUILT_PRODUCTS_DIR}/\"\ndefaults write \"${BUILT_PRODUCTS_DIR}/${INFOPLIST_PATH%.*}\" \"CFBundleShortVersionString\" \"${GIT_RELEASE_VERSION#*v}\"\ndefaults write \"${BUILT_PRODUCTS_DIR}/${INFOPLIST_PATH%.*}\" \"CFBundleVersion\" \"${COMMITS}\"\nsed -e \"s/xxx/${GIT_RELEASE_VERSION}/g\" \"${BUILT_PRODUCTS_DIR}/${UNLOCALIZED_RESOURCES_FOLDER_PATH}/credits-tmpl.html\" > \"${BUILT_PRODUCTS_DIR}/${UNLOCALIZED_RESOURCES_FOLDER_PATH}/credits.html\"";
		};
/* End PBXShellScriptBuildPhase section */

/* Begin PBXSourcesBuildPhase section */
		1B38563413E359CA002FF437 /* Sources */ = {
			isa = PBXSourcesBuildPhase;
			buildActionMask = 2147483647;
			files = (
				1B38564913E359CA002FF437 /* main.m in Sources */,
				1B38565013E359CA002FF437 /* pushmenuAppDelegate.m in Sources */,
				1B01D27E13E47253007C28E4 /* EMKeychainItem.m in Sources */,
				1B01D29113E4E570007C28E4 /* JSONKit.m in Sources */,
				1B37244E13E9C9EF002A7943 /* DDHotKeyCenter.m in Sources */,
			);
			runOnlyForDeploymentPostprocessing = 0;
		};
		1B38565413E359CA002FF437 /* Sources */ = {
			isa = PBXSourcesBuildPhase;
			buildActionMask = 2147483647;
			files = (
				1B38566813E359CA002FF437 /* pushmenuTests.m in Sources */,
			);
			runOnlyForDeploymentPostprocessing = 0;
		};
/* End PBXSourcesBuildPhase section */

/* Begin PBXTargetDependency section */
		1B38565E13E359CA002FF437 /* PBXTargetDependency */ = {
			isa = PBXTargetDependency;
			target = 1B38563713E359CA002FF437 /* pushmenu */;
			targetProxy = 1B38565D13E359CA002FF437 /* PBXContainerItemProxy */;
		};
/* End PBXTargetDependency section */

/* Begin PBXVariantGroup section */
		1B38564513E359CA002FF437 /* InfoPlist.strings */ = {
			isa = PBXVariantGroup;
			children = (
				1B38564613E359CA002FF437 /* en */,
			);
			name = InfoPlist.strings;
			sourceTree = "<group>";
		};
		1B38564B13E359CA002FF437 /* Credits.rtf */ = {
			isa = PBXVariantGroup;
			children = (
				1B38564C13E359CA002FF437 /* en */,
			);
			name = Credits.rtf;
			sourceTree = "<group>";
		};
		1B38565113E359CA002FF437 /* MainMenu.xib */ = {
			isa = PBXVariantGroup;
			children = (
				1B38565213E359CA002FF437 /* en */,
			);
			name = MainMenu.xib;
			sourceTree = "<group>";
		};
		1B38566213E359CA002FF437 /* InfoPlist.strings */ = {
			isa = PBXVariantGroup;
			children = (
				1B38566313E359CA002FF437 /* en */,
			);
			name = InfoPlist.strings;
			sourceTree = "<group>";
		};
/* End PBXVariantGroup section */

/* Begin XCBuildConfiguration section */
		1B38566913E359CA002FF437 /* Debug */ = {
			isa = XCBuildConfiguration;
			buildSettings = {
				ALWAYS_SEARCH_USER_PATHS = NO;
				CLANG_ANALYZER_SECURITY_INSECUREAPI_STRCPY = YES;
				CLANG_WARN_BOOL_CONVERSION = YES;
				CLANG_WARN_CONSTANT_CONVERSION = YES;
				CLANG_WARN_EMPTY_BODY = YES;
				CLANG_WARN_ENUM_CONVERSION = YES;
				CLANG_WARN_INT_CONVERSION = YES;
				CLANG_WARN__DUPLICATE_METHOD_MATCH = YES;
				COPY_PHASE_STRIP = NO;
				GCC_C_LANGUAGE_STANDARD = gnu99;
				GCC_DYNAMIC_NO_PIC = NO;
				GCC_ENABLE_OBJC_EXCEPTIONS = YES;
				GCC_OPTIMIZATION_LEVEL = 0;
				GCC_PREPROCESSOR_DEFINITIONS = (
					"DEBUG=1",
					"$(inherited)",
				);
				GCC_SYMBOLS_PRIVATE_EXTERN = NO;
				GCC_VERSION = "";
				GCC_WARN_64_TO_32_BIT_CONVERSION = YES;
				GCC_WARN_ABOUT_MISSING_PROTOTYPES = YES;
				GCC_WARN_ABOUT_RETURN_TYPE = YES;
				GCC_WARN_UNDECLARED_SELECTOR = YES;
				GCC_WARN_UNINITIALIZED_AUTOS = YES;
				GCC_WARN_UNUSED_FUNCTION = YES;
				GCC_WARN_UNUSED_VARIABLE = YES;
				MACOSX_DEPLOYMENT_TARGET = 10.9;
				ONLY_ACTIVE_ARCH = YES;
				SDKROOT = macosx;
				VERSIONING_SYSTEM = "apple-generic";
			};
			name = Debug;
		};
		1B38566A13E359CA002FF437 /* Release */ = {
			isa = XCBuildConfiguration;
			buildSettings = {
				ALWAYS_SEARCH_USER_PATHS = NO;
				CLANG_ANALYZER_SECURITY_INSECUREAPI_STRCPY = YES;
				CLANG_WARN_BOOL_CONVERSION = YES;
				CLANG_WARN_CONSTANT_CONVERSION = YES;
				CLANG_WARN_EMPTY_BODY = YES;
				CLANG_WARN_ENUM_CONVERSION = YES;
				CLANG_WARN_INT_CONVERSION = YES;
				CLANG_WARN__DUPLICATE_METHOD_MATCH = YES;
				COPY_PHASE_STRIP = YES;
				CURRENT_PROJECT_VERSION = 0.2;
				DEBUG_INFORMATION_FORMAT = "dwarf-with-dsym";
				GCC_C_LANGUAGE_STANDARD = gnu99;
				GCC_ENABLE_OBJC_EXCEPTIONS = YES;
				GCC_VERSION = "";
				GCC_WARN_64_TO_32_BIT_CONVERSION = YES;
				GCC_WARN_ABOUT_MISSING_PROTOTYPES = YES;
				GCC_WARN_ABOUT_RETURN_TYPE = YES;
				GCC_WARN_UNDECLARED_SELECTOR = YES;
				GCC_WARN_UNINITIALIZED_AUTOS = YES;
				GCC_WARN_UNUSED_FUNCTION = YES;
				GCC_WARN_UNUSED_VARIABLE = YES;
				MACOSX_DEPLOYMENT_TARGET = 10.9;
				ONLY_ACTIVE_ARCH = YES;
				SDKROOT = macosx;
				VERSIONING_SYSTEM = "apple-generic";
			};
			name = Release;
		};
		1B38566C13E359CA002FF437 /* Debug */ = {
			isa = XCBuildConfiguration;
			buildSettings = {
				COMBINE_HIDPI_IMAGES = YES;
				FRAMEWORK_SEARCH_PATHS = (
					"$(inherited)",
					"\"$(SRCROOT)\"",
				);
				GCC_PRECOMPILE_PREFIX_HEADER = YES;
				GCC_PREFIX_HEADER = "pushmenu/pushmenu-Prefix.pch";
				INFOPLIST_FILE = "pushmenu/pushmenu-Info.plist";
				PRODUCT_NAME = "$(TARGET_NAME)";
				WRAPPER_EXTENSION = app;
			};
			name = Debug;
		};
		1B38566D13E359CA002FF437 /* Release */ = {
			isa = XCBuildConfiguration;
			buildSettings = {
				COMBINE_HIDPI_IMAGES = YES;
				FRAMEWORK_SEARCH_PATHS = (
					"$(inherited)",
					"\"$(SRCROOT)\"",
				);
				GCC_PRECOMPILE_PREFIX_HEADER = YES;
				GCC_PREFIX_HEADER = "pushmenu/pushmenu-Prefix.pch";
				INFOPLIST_FILE = "pushmenu/pushmenu-Info.plist";
				PRODUCT_NAME = "$(TARGET_NAME)";
				WRAPPER_EXTENSION = app;
			};
			name = Release;
		};
		1B38566F13E359CA002FF437 /* Debug */ = {
			isa = XCBuildConfiguration;
			buildSettings = {
				BUNDLE_LOADER = "$(BUILT_PRODUCTS_DIR)/pushmenu.app/Contents/MacOS/pushmenu";
				COMBINE_HIDPI_IMAGES = YES;
				FRAMEWORK_SEARCH_PATHS = "$(DEVELOPER_LIBRARY_DIR)/Frameworks";
				GCC_PRECOMPILE_PREFIX_HEADER = YES;
				GCC_PREFIX_HEADER = "pushmenu/pushmenu-Prefix.pch";
				INFOPLIST_FILE = "pushmenuTests/pushmenuTests-Info.plist";
				PRODUCT_NAME = "$(TARGET_NAME)";
				TEST_HOST = "$(BUNDLE_LOADER)";
				WRAPPER_EXTENSION = octest;
			};
			name = Debug;
		};
		1B38567013E359CA002FF437 /* Release */ = {
			isa = XCBuildConfiguration;
			buildSettings = {
				BUNDLE_LOADER = "$(BUILT_PRODUCTS_DIR)/pushmenu.app/Contents/MacOS/pushmenu";
				COMBINE_HIDPI_IMAGES = YES;
				FRAMEWORK_SEARCH_PATHS = "$(DEVELOPER_LIBRARY_DIR)/Frameworks";
				GCC_PRECOMPILE_PREFIX_HEADER = YES;
				GCC_PREFIX_HEADER = "pushmenu/pushmenu-Prefix.pch";
				INFOPLIST_FILE = "pushmenuTests/pushmenuTests-Info.plist";
				PRODUCT_NAME = "$(TARGET_NAME)";
				TEST_HOST = "$(BUNDLE_LOADER)";
				WRAPPER_EXTENSION = octest;
			};
			name = Release;
		};
/* End XCBuildConfiguration section */

/* Begin XCConfigurationList section */
		1B38563213E359C9002FF437 /* Build configuration list for PBXProject "pushmenu" */ = {
			isa = XCConfigurationList;
			buildConfigurations = (
				1B38566913E359CA002FF437 /* Debug */,
				1B38566A13E359CA002FF437 /* Release */,
			);
			defaultConfigurationIsVisible = 0;
			defaultConfigurationName = Debug;
		};
		1B38566B13E359CA002FF437 /* Build configuration list for PBXNativeTarget "pushmenu" */ = {
			isa = XCConfigurationList;
			buildConfigurations = (
				1B38566C13E359CA002FF437 /* Debug */,
				1B38566D13E359CA002FF437 /* Release */,
			);
			defaultConfigurationIsVisible = 0;
			defaultConfigurationName = Debug;
		};
		1B38566E13E359CA002FF437 /* Build configuration list for PBXNativeTarget "pushmenuTests" */ = {
			isa = XCConfigurationList;
			buildConfigurations = (
				1B38566F13E359CA002FF437 /* Debug */,
				1B38567013E359CA002FF437 /* Release */,
			);
			defaultConfigurationIsVisible = 0;
			defaultConfigurationName = Debug;
		};
/* End XCConfigurationList section */
	};
	rootObject = 1B38562F13E359C9002FF437 /* Project object */;
}
